github.com/benbjohnson/clock v1.1.0/go.mod h1:J11/hYXuz8f4ySSvYwY0FKfm+ezbsZBKZxNJlLklBHA=
github.com/benbjohnson/clock v1.3.0/go.mod h1:J11/hYXuz8f4ySSvYwY0FKfm+ezbsZBKZxNJlLklBHA=
github.com/bhbosman/goCommsDefinitions v0.0.0-20230308211643-24fe88b2378e/go.mod h1:tkd0ohtBBlomjgZrSj1K7YHT6zb0td0X6v6Tv/kn/wA=
github.com/bhbosman/goCommsDefinitions v0.0.0-20250308074916-3e7c0d32b971 h1:4/hs9UMmWcASzQ5SG4pqkfaaqgzl2AzIE1o/AlziVSc=
github.com/bhbosman/goCommsDefinitions v0.0.0-20250308074916-3e7c0d32b971/go.mod h1:YtxfrhWaceLlKwk4urRmrOiLjg38xSWoO0xtQbuJGiM=
github.com/bhbosman/goCommsDefinitions v0.0.0-20250308144130-64993b60920c h1:lnaiiRm42D7qM/XktkHCY14XaNgWIbqJvgJ3cKOhSwQ=
github.com/bhbosman/goCommsDefinitions v0.0.0-20250308144130-64993b60920c/go.mod h1:Jm/611+Q3lrCFITwkMyE+06Tk6T9z6Qdvl+MvPKzt+0=
github.com/bhbosman/goConnectionManager v0.0.0-20250308122653-53a96fe357f2 h1:g2CUTrG6dGqVw7888o7ZQhYTZlUMEN9h1rEzMf6zqA8=
github.com/bhbosman/goConnectionManager v0.0.0-20250308122653-53a96fe357f2/go.mod h1:3vN5ENCKucbzUATz5ecAUqwF/M7L9lZ5We4Ypevt2c8=
github.com/bhbosman/goConnectionManager v0.0.0-20250308133907-06eddcd798f6 h1:F/3tByXZDuHMgxKckwNaYZCfiTPKA38M1AHMD7a9I7E=
github.com/bhbosman/goConnectionManager v0.0.0-20250308133907-06eddcd798f6/go.mod h1:dy73KjrQewhG9PsdJcPJ2d5Jz9BLcyfQAi7kjwKhhqI=
github.com/bhbosman/goConnectionManager v0.0.0-20250308145438-ea83361668a5 h1:/uTy0VE3M0J74cc8lmpWhHOa9Qq5zepZyHSuI6fvBE0=
github.com/bhbosman/goConnectionManager v0.0.0-20250308145438-ea83361668a5/go.mod h1:7+MswMa2jldwZ2qZi6oksXHfBgRlX2eLXL/juWIpDwg=
github.com/bhbosman/goConnectionManager v0.0.0-20250308150558-5d463bc5c9e3 h1:JFJS80FndQUAy8oYP/QQY+JwcoiYCdne/EryKWw868A=
github.com/bhbosman/goConnectionManager v0.0.0-20250308150558-5d463bc5c9e3/go.mod h1:5lspf2JKYL4tq5nNWCTVKg3LRwgHjCMvGz/HmAz3QY8=
github.com/bhbosman/goConnectionManager v0.0.0-20250308162041-c3d88e4a7878 h1:Avn18zjUDlgnDKpAkhcS/LwAazlfaZCSbK/Ms8Ks+A8=
github.com/bhbosman/goConnectionManager v0.0.0-20250308162041-c3d88e4a7878/go.mod h1:rTgsXwIqcz2lmeksaTaDhkY692AJTrfZ+2/1h5o+N84=
github.com/bhbosman/gocommon v0.0.0-20250308131803-28622f55deb1 h1:H6xBDuvTUHP3HWOcY6VdO4GBW5bqk0jM1dn8f2SYwD0=
github.com/bhbosman/gocommon v0.0.0-20250308131803-28622f55deb1/go.mod h1:7lml5lQFGVyrvj3awVTQ0SdaqW3WdcKEC8hhcmNGOHE=
github.com/bhbosman/gocommon v0.0.0-20250308150148-56b7e6e14bff h1:lDqy+h+pbnVXRxXnYyTDLhUA1qWsbFiUTox+30EHfwU=
github.com/bhbosman/gocommon v0.0.0-20250308150148-56b7e6e14bff/go.mod h1:X1Vckq6MxT7Ozn4fMsUKXkgEgggnsBGs+HX9SWzl+Tk=
github.com/bhbosman/gocommon v0.0.0-20250308155359-4baa9bec452e h1:92bvDBFSfI/1z0wJf1xgNFwRTAtQ/uPzU6SBtCwDsmo=
github.com/bhbosman/gocommon v0.0.0-20250308155359-4baa9bec452e/go.mod h1:MgvoWc5dg34pZhFPxwkiw8QBQjYRG8Vg8SQ87+pmYXo=
github.com/bhbosman/goerrors v0.0.0-20250307194237-312d070c8e38 h1:3jX77BrDYvQ4xiAQkat+N47OZoKECB9t27fQQfpqGRk=
github.com/bhbosman/goerrors v0.0.0-20250307194237-312d070c8e38/go.mod h1:2aeMPIIYjD7+5AmN1yaV/oAqCaExRDcl7SN+/zFLpew=
github.com/bhbosman/gomessageblock v0.0.0-20250308073733-0b3daca12e3a h1:HfPrjUycV04h5KYcdKhce7pfW7rFBkuNcJWCac7sTpU=
github.com/bhbosman/gomessageblock v0.0.0-20250308073733-0b3daca12e3a/go.mod h1:YNOfB3erjSecYIlka9YF1oaSj6hytrcffOCu6iOBVUQ=
github.com/bhbosman/gomock v1.6.1-0.20250308071159-4cf72f668c72 h1:r5CkchfDmndKsk4ujkGVUX7WcZcJVVbhGyiT7Tt3zO0=
github.com/bhbosman/gomock v1.6.1-0.20250308071159-4cf72f668c72/go.mod h1:QvQoHRNh6hbY5chl6UwMoWO7rhBOWN1NQmGPYuR06CY=
github.com/bhbosman/goprotoextra v0.0.2 h1:LEEUuDa7X7ojAP56dw5SDoiYnTrErpjI7Bp25Q9Nw2I=
github.com/bhbosman/goprotoextra v0.0.2/go.mod h1:Jt+JnplitvFQLYeUKIuBnc+5aHBtRtvze8Hce0gMXiM=
github.com/bhbosman/pubsub v1.0.3-0.20250308124829-e5731aa33222 h1:cHtirgrswJP8goqbY1edxxFUIWcwo9+fVKWR1LAoijo=
github.com/bhbosman/pubsub v1.0.3-0.20250308124829-e5731aa33222/go.mod h1:k9O2AJEIxJfyjM6xKczmuBumvRC+Pee76jW4Ir0+nTU=
github.com/bhbosman/pubsub v1.0.3-0.20250308162024-50f212a35484 h1:7L9tOPXEY7T3OCI5uNszNWJ2GqfJAREkZEw77Ki6VZA=
github.com/bhbosman/pubsub v1.0.3-0.20250308162024-50f212a35484/go.mod h1:/cxRJx2sbd/mII/T3GTLM/2EUisAfq6Zy8qb9lBqpRk=
github.com/bhbosman/tcell/v2 v2.5.2-0.20250308093601-f0942a296aa0/go.mod h1:srlfyedi+17ne4uhMVbdp18VtVUTpCMxwc4XnU60kcA=
github.com/bhbosman/tview v0.0.0-20250308051327-a656c1bc9cfa/go.mod h1:lTkwUML3D0rvhpurD5ZM2gWsbaDvArcz5Bs+/Lublms=
github.com/cenkalti/backoff/v4 v4.0.0/go.mod h1:eEew/i+1Q6OrCDZh3WiXYv3+nJwBASZ8Bog/87DQnVg=
github.com/cenkalti/backoff/v4 v4.3.0 h1:MyRJ/UdXutAwSAT+s3wNd7MfTIcy71VQueUuFK343L8=
github.com/cenkalti/backoff/v4 v4.3.0/go.mod h1:Y3VNntkOUPxTVeUxJ/G5vcM//AlwfmyYozVcomhLiZE=
github.com/davecgh/go-spew v1.1.0/go.mod h1:J7Y8YcW2NihsgmVo/mv3lAwl/skON4iLHjSsI+c5H38=
github.com/davecgh/go-spew v1.1.1 h1:vj9j/u1bqnvCEfJOwUhtlOARqs3+rkHYY13jYWTU97c=
github.com/davecgh/go-spew v1.1.1/go.mod h1:J7Y8YcW2NihsgmVo/mv3lAwl/skON4iLHjSsI+c5H38=
github.com/emirpasic/gods v1.12.0/go.mod h1:YfzfFFoVP/catgzJb4IKIqXjX78Ha8FMSDh3ymbK86o=
github.com/emirpasic/gods v1.18.1 h1:FXtiHYKDGKCW2KzwZKx0iC0PQmdlorYgdFG9jPXJ1Bc=
github.com/emirpasic/gods v1.18.1/go.mod h1:8tpGGwCnJ5H4r6BWwaV6OrWmMoPhUl5jm/FMNAnJvWQ=
github.com/gorilla/mux v1.8.1 h1:TuBL49tXwgrFYWhqrNgrUNEY92u81SPhu7sTdzQEiWY=
github.com/gorilla/mux v1.8.1/go.mod h1:AKf9I4AEqPTmMytcMc0KkNouC66V3BtZ4qD5fmWSiMQ=
github.com/icza/gox v0.2.0 h1:+0N8PCt9/QSx+k0dqe/wdlXJNR/haaPsPwrTJTNDeyk=
github.com/icza/gox v0.2.0/go.mod h1:rVecw5Q6POJAWBcXgCZdAtwK/hmoNehxCkAP3sMnOIc=
github.com/kr/pretty v0.1.0 h1:L/CwN0zerZDmRFUapSPitk6f+Q3+0za1rQkzVuMiMFI=
github.com/kr/pretty v0.1.0/go.mod h1:dAy3ld7l9f0ibDNOQOHHMYYIIbhfbHSm3C4ZsoJORNo=
github.com/kr/pty v1.1.1/go.mod h1:pFQYn66WHrOpPYNljwOMqo10TkYh1fy3cYio2l3bCsQ=
github.com/kr/text v0.1.0/go.mod h1:4Jbv+DJW3UT/LiOwJeYQe1efqtUx/iVham/4vfdArNI=
github.com/kr/text v0.2.0 h1:5Nx0Ya0ZqY2ygV366QzturHI13Jq95ApcVaJBhpS+AY=
github.com/kr/text v0.2.0/go.mod h1:eLer722TekiGuMkidMxC/pM04lWEeraHUUmBw8l2grE=
github.com/pkg/errors v0.8.1/go.mod h1:bwawxfHBFNV+L2hUp1rHADufV3IMtnDRdf1r5NINEl0=
github.com/pmezard/go-difflib v1.0.0 h1:4DBwDE0NGyQoBHbLQYPwSUPoCMWR5BEzIk/f1lZbAQM=
github.com/pmezard/go-difflib v1.0.0/go.mod h1:iKH77koFhYxTK1pcRnkKkqfTogsbg7gZNVY4sRDYZ/4=
github.com/reactivex/rxgo/v2 v2.5.0 h1:FhPgHwX9vKdNQB2gq9EPt+EKk9QrrzoeztGbEEnZam4=
github.com/reactivex/rxgo/v2 v2.5.0/go.mod h1:bs4fVZxcb5ZckLIOeIeVH942yunJLWDABWGbrHAW+qU=
github.com/stretchr/objx v0.1.0/go.mod h1:HFkY916IF+rwdDfMAkV7OtwuqBVzrE8GR6GFx+wExME=
github.com/stretchr/objx v0.4.0/go.mod h1:YvHI0jy2hoMjB+UWwv71VJQ9isScKT/TqJzVSSt89Yw=
github.com/stretchr/objx v0.5.2 h1:xuMeJ0Sdp5ZMRXx/aWO6RZxdr3beISkG5/G/aIRr3pY=
github.com/stretchr/objx v0.5.2/go.mod h1:FRsXN1f5AsAjCGJKqEizvkpNtU+EGNCLh3NxZ/8L+MA=
github.com/stretchr/testify v1.3.0/go.mod h1:M5WIy9Dh21IEIfnGCwXGc5bZfKNJtfHm1UVUgZn+9EI=
github.com/stretchr/testify v1.4.0/go.mod h1:j7eGeouHqKxXV5pUuKE4zz7dFj8WfuZ+81PSLYec5m4=
github.com/stretchr/testify v1.7.0/go.mod h1:6Fq8oRcR53rry900zMqJjRRixrwX3KX962/h/Wwjteg=
github.com/stretchr/testify v1.7.1/go.mod h1:6Fq8oRcR53rry900zMqJjRRixrwX3KX962/h/Wwjteg=
github.com/stretchr/testify v1.8.0/go.mod h1:yNjHg4UonilssWZ8iaSj1OCr/vHnekPRkoO+kdMU+MU=
github.com/stretchr/testify v1.10.0 h1:Xv5erBjTwe/5IxqUQTdXv5kgmIvbHo3QQyRwhJsOfJA=
github.com/stretchr/testify v1.10.0/go.mod h1:r2ic/lqez/lEtzL7wO/rwa5dbSLXVDPFyf8C91i36aY=
github.com/teivah/onecontext v0.0.0-20200513185103-40f981bfd775/go.mod h1:XUZ4x3oGhWfiOnUvTslnKKs39AWUct3g3yJvXTQSJOQ=
github.com/teivah/onecontext v1.3.0 h1:tbikMhAlo6VhAuEGCvhc8HlTnpX4xTNPTOseWuhO1J0=
github.com/teivah/onecontext v1.3.0/go.mod h1:hoW1nmdPVK/0jrvGtcx8sCKYs2PiS4z0zzfdeuEVyb0=
github.com/yuin/goldmark v1.3.5/go.mod h1:mwnBkeHKe2W/ZEtQ+71ViKU8L12m81fl3OWwC1Zlc8k=
go.uber.org/atomic v1.7.0/go.mod h1:fEN4uk6kAWBTFdckzkM89CLk9XfWZrxpCo0nPH17wJc=
go.uber.org/dig v1.16.1/go.mod h1:557JTAUZT5bUK0SvCwikmLPPtdQhfvLYtO5tJgQSbnk=
go.uber.org/dig v1.18.1 h1:rLww6NuajVjeQn+49u5NcezUJEGwd5uXmyoCKW2g5Es=
go.uber.org/dig v1.18.1/go.mod h1:Us0rSJiThwCv2GteUN0Q7OKvU7n5J4dxZ9JKUXozFdE=
go.uber.org/fx v1.19.2/go.mod h1:43G1VcqSzbIv77y00p1DRAsyZS8WdzuYdhZXmEUkMyQ=
go.uber.org/fx v1.23.0 h1:lIr/gYWQGfTwGcSXWXu4vP5Ws6iqnNEIY+F/aFzCKTg=
go.uber.org/fx v1.23.0/go.mod h1:o/D9n+2mLP6v1EG+qsdT1O8wKopYAsqZasju97SDFCU=
go.uber.org/goleak v1.1.10/go.mod h1:8a7PlsEVH3e/a/GLqe5IIrQx6GzcnRmZEufDUTk4A7A=
go.uber.org/goleak v1.1.11/go.mod h1:cwTWslyiVhfpKIDGSZEM2HlOvcqm+tG4zioyIeLoqMQ=
go.uber.org/goleak v1.3.0 h1:2K3zAYmnTNqV73imy9J1T3WC+gmCePx2hEGkimedGto=
go.uber.org/goleak v1.3.0/go.mod h1:CoHD4mav9JJNrW/WLlf7HGZPjdw8EucARQHekz1X6bE=
go.uber.org/multierr v1.6.0/go.mod h1:cdWPpRnG4AhwMwsgIHip0KRBQjJy5kYEpYjJxpXp9iU=
go.uber.org/multierr v1.11.0 h1:blXXJkSxSSfBVBlC76pxqeO+LN3aDfLQo+309xJstO0=
go.uber.org/multierr v1.11.0/go.mod h1:20+QtiLqy0Nd6FdQB9TLXag12DsQkrbs3htMFfDN80Y=
go.uber.org/zap v1.23.0/go.mod h1:D+nX8jyLsMHMYrln8A0rJjFt/T/9/bGgIhAqxv5URuY=
go.uber.org/zap v1.27.0 h1:aJMhYGrd5QSmlpLMr2MftRKl7t8J8PTZPA732ud/XR8=
go.uber.org/zap v1.27.0/go.mod h1:GB2qFLM7cTU87MWRP2mPIjqfIDnGu+VIO4V/SdhGo2E=
golang.org/x/crypto v0.0.0-20190308221718-c2843e01d9a2/go.mod h1:djNgcEr1/C05ACkg1iLfiJU5Ep61QUkGW8qpdssI0+w=
golang.org/x/crypto v0.0.0-20191011191535-87dc89f01550/go.mod h1:yigFU9vqHzYiE8UmvKecakEJjdnWj3jj499lnFckfCI=
golang.org/x/lint v0.0.0-20190930215403-16217165b5de/go.mod h1:6SW0HCj/g11FgYtHlgUYUwCkIfeOF89ocIRzGO/8vkc=
golang.org/x/mod v0.4.2/go.mod h1:s0Qsj1ACt9ePp/hMypM3fl4fZqREWJwdYDEqhRiZZUA=
golang.org/x/net v0.0.0-20190311183353-d8887717615a/go.mod h1:t9HGtf8HONx5eT2rtn7q6eTqICYqUVnKs3thJo3Qplg=
golang.org/x/net v0.0.0-20190404232315-eb5bcb51f2a3/go.mod h1:t9HGtf8HONx5eT2rtn7q6eTqICYqUVnKs3thJo3Qplg=
golang.org/x/net v0.0.0-20190620200207-3b0461eec859/go.mod h1:z5CRVTTTmAJ677TzLLGU+0bjPO0LkuOLi4/5GtJWs/s=
golang.org/x/net v0.0.0-20210405180319-a5a99cb37ef4/go.mod h1:p54w0d4576C0XHj96bSt6lcn1PtDYWL6XObtHCRCNQM=
golang.org/x/net v0.37.0 h1:1zLorHbz+LYj7MQlSf1+2tPIIgibq2eL5xkrGk6f+2c=
golang.org/x/net v0.37.0/go.mod h1:ivrbrMbzFq5J41QOQh0siUuly180yBYtLp+CKbEaFx8=
golang.org/x/sync v0.0.0-20190423024810-112230192c58/go.mod h1:RxMgew5VJxzue5/jJTE5uejpjVlOe/izrB70Jof72aM=
golang.org/x/sync v0.0.0-20190911185100-cd5d95a43a6e/go.mod h1:RxMgew5VJxzue5/jJTE5uejpjVlOe/izrB70Jof72aM=
golang.org/x/sync v0.0.0-20210220032951-036812b2e83c h1:5KslGYwFpkhGh+Q16bwMP3cOontH8FOep7tGV86Y7SQ=
golang.org/x/sync v0.0.0-20210220032951-036812b2e83c/go.mod h1:RxMgew5VJxzue5/jJTE5uejpjVlOe/izrB70Jof72aM=
golang.org/x/sys v0.0.0-20190215142949-d0b11bdaac8a/go.mod h1:STP8DvDyc/dI5b8T5hshtkjS+E42TnysNCUPdjciGhY=
golang.org/x/sys v0.0.0-20190412213103-97732733099d/go.mod h1:h1NjWce9XRLGQEsW7wpKNCjG9DtNlClVuFLEZdDNbEs=
golang.org/x/sys v0.0.0-20201119102817-f84b799fce68/go.mod h1:h1NjWce9XRLGQEsW7wpKNCjG9DtNlClVuFLEZdDNbEs=
golang.org/x/sys v0.0.0-20210330210617-4fbd30eecc44/go.mod h1:h1NjWce9XRLGQEsW7wpKNCjG9DtNlClVuFLEZdDNbEs=
golang.org/x/sys v0.0.0-20210510120138-977fb7262007/go.mod h1:oPkhp1MJrh7nUepCBck5+mAzfO9JrbApNNgaTdGDITg=
golang.org/x/sys v0.0.0-20210903071746-97244b99971b/go.mod h1:oPkhp1MJrh7nUepCBck5+mAzfO9JrbApNNgaTdGDITg=
golang.org/x/sys v0.0.0-20220318055525-2edf467146b5/go.mod h1:oPkhp1MJrh7nUepCBck5+mAzfO9JrbApNNgaTdGDITg=
golang.org/x/sys v0.31.0 h1:ioabZlmFYtWhL+TRYpcnNlLwhyxaM9kWTDEmfnprqik=
golang.org/x/sys v0.31.0/go.mod h1:BJP2sWEmIv4KK5OTEluFJCKSidICx8ciO85XgH3Ak8k=
golang.org/x/term v0.0.0-20201126162022-7de9c90e9dd1/go.mod h1:bj7SfCRtBDWHUb9snDiAeCFNEtKQo2Wmx5Cou7ajbmo=
golang.org/x/text v0.3.0/go.mod h1:NqM8EUOU14njkJ3fqMW+pc6Ldnwhi/IjpwHt7yyuwOQ=
golang.org/x/text v0.3.3/go.mod h1:5Zoc/QRtKVWzQhOtBMvqHzDpF6irO9z98xDceosuGiQ=
golang.org/x/tools v0.0.0-20180917221912-90fa682c2a6e/go.mod h1:n7NCudcB/nEzxVGmLbDWY5pfWTLqBcC2KZ6jyYvM4mQ=
golang.org/x/tools v0.0.0-20190311212946-11955173bddd/go.mod h1:LCzVGOaR6xXOjkQ3onu1FJEFr0SW1gC7cKk1uF8kGRs=
golang.org/x/tools v0.0.0-20191108193012-7d206e10da11/go.mod h1:b+2E5dAYhXwXZwtnZ6UAqBI28+e2cm9otk0dWdXHAEo=
golang.org/x/tools v0.0.0-20191119224855-298f0cb1881e/go.mod h1:b+2E5dAYhXwXZwtnZ6UAqBI28+e2cm9otk0dWdXHAEo=
golang.org/x/tools v0.1.5/go.mod h1:o0xws9oXOQQZyjljx8fwUC0k7L1pTE6eaCbjGeHmOkk=
golang.org/x/xerrors v0.0.0-20190717185122-a985d3407aa7/go.mod h1:I/5z698sn9Ka8TeJc9MKroUUfqBBauWjQqLJ2OPfmY0=
golang.org/x/xerrors v0.0.0-20191011141410-1b5146add898/go.mod h1:I/5z698sn9Ka8TeJc9MKroUUfqBBauWjQqLJ2OPfmY0=
golang.org/x/xerrors v0.0.0-20200804184101-5ec99f83aff1/go.mod h1:I/5z698sn9Ka8TeJc9MKroUUfqBBauWjQqLJ2OPfmY0=
gopkg.in/check.v1 v0.0.0-20161208181325-20d25e280405/go.mod h1:Co6ibVJAznAaIkqp8huTwlJQCZ016jof/cbN4VW5Yz0=
gopkg.in/check.v1 v1.0.0-20180628173108-788fd7840127 h1:qIbj1fsPNlZgppZ+VLlY7N33q108Sa+fhmuc+sWQYwY=
gopkg.in/check.v1 v1.0.0-20180628173108-788fd7840127/go.mod h1:Co6ibVJAznAaIkqp8huTwlJQCZ016jof/cbN4VW5Yz0=
gopkg.in/yaml.v2 v2.2.2/go.mod h1:hI93XBmqTisBFMUTm0b8Fm+jr3Dg1NNxqwp+5A1VGuI=
gopkg.in/yaml.v3 v3.0.0-20200313102051-9f266ea9e77c/go.mod h1:K4uyk7z7BCEPqu6E+C64Yfv1cQ7kz7rIZviUmN+EgEM=
gopkg.in/yaml.v3 v3.0.1 h1:fxVm/GzAzEWqLHuvctI91KS9hhNmmWOoWu0XTYJS7CA=
gopkg.in/yaml.v3 v3.0.1/go.mod h1:K4uyk7z7BCEPqu6E+C64Yfv1cQ7kz7rIZviUmN+EgEM=
